// !$*UTF8*$!
{
	archiveVersion = 1;
	classes = {
	};
	objectVersion = 50;
	objects = {

/* Begin PBXBuildFile section */
		277A16905DC13A4529551753 /* Pods_GithubMain.framework in Frameworks */ = {isa = PBXBuildFile; fileRef = BA7FA651118A92F06FA083C8 /* Pods_GithubMain.framework */; };
		4A5BBB1E22A95A6200EA5D93 /* AppDelegate.swift in Sources */ = {isa = PBXBuildFile; fileRef = 4A5BBB1D22A95A6200EA5D93 /* AppDelegate.swift */; };
		4A5BBB2022A95A6200EA5D93 /* ViewController.swift in Sources */ = {isa = PBXBuildFile; fileRef = 4A5BBB1F22A95A6200EA5D93 /* ViewController.swift */; };
		4A5BBB2322A95A6200EA5D93 /* Main.storyboard in Resources */ = {isa = PBXBuildFile; fileRef = 4A5BBB2122A95A6200EA5D93 /* Main.storyboard */; };
		4A5BBB2522A95A6300EA5D93 /* Assets.xcassets in Resources */ = {isa = PBXBuildFile; fileRef = 4A5BBB2422A95A6300EA5D93 /* Assets.xcassets */; };
		4A5BBB2822A95A6300EA5D93 /* LaunchScreen.storyboard in Resources */ = {isa = PBXBuildFile; fileRef = 4A5BBB2622A95A6300EA5D93 /* LaunchScreen.storyboard */; };
		4A9E142C22A969B40067C4FB /* Settings.bundle in Resources */ = {isa = PBXBuildFile; fileRef = 4A9E142B22A969B40067C4FB /* Settings.bundle */; };
/* End PBXBuildFile section */

/* Begin PBXFileReference section */
		2C54FA4AFBFD9E9DBE9AEF7C /* Pods-GithubMain.debug.xcconfig */ = {isa = PBXFileReference; includeInIndex = 1; lastKnownFileType = text.xcconfig; name = "Pods-GithubMain.debug.xcconfig"; path = "Target Support Files/Pods-GithubMain/Pods-GithubMain.debug.xcconfig"; sourceTree = "<group>"; };
		4A5BBB1A22A95A6200EA5D93 /* GithubMain.app */ = {isa = PBXFileReference; explicitFileType = wrapper.application; includeInIndex = 0; path = GithubMain.app; sourceTree = BUILT_PRODUCTS_DIR; };
		4A5BBB1D22A95A6200EA5D93 /* AppDelegate.swift */ = {isa = PBXFileReference; lastKnownFileType = sourcecode.swift; path = AppDelegate.swift; sourceTree = "<group>"; };
		4A5BBB1F22A95A6200EA5D93 /* ViewController.swift */ = {isa = PBXFileReference; lastKnownFileType = sourcecode.swift; path = ViewController.swift; sourceTree = "<group>"; };
		4A5BBB2222A95A6200EA5D93 /* Base */ = {isa = PBXFileReference; lastKnownFileType = file.storyboard; name = Base; path = Base.lproj/Main.storyboard; sourceTree = "<group>"; };
		4A5BBB2422A95A6300EA5D93 /* Assets.xcassets */ = {isa = PBXFileReference; lastKnownFileType = folder.assetcatalog; path = Assets.xcassets; sourceTree = "<group>"; };
		4A5BBB2722A95A6300EA5D93 /* Base */ = {isa = PBXFileReference; lastKnownFileType = file.storyboard; name = Base; path = Base.lproj/LaunchScreen.storyboard; sourceTree = "<group>"; };
		4A5BBB2922A95A6300EA5D93 /* Info.plist */ = {isa = PBXFileReference; lastKnownFileType = text.plist.xml; path = Info.plist; sourceTree = "<group>"; };
		4A9E142B22A969B40067C4FB /* Settings.bundle */ = {isa = PBXFileReference; lastKnownFileType = "wrapper.plug-in"; path = Settings.bundle; sourceTree = "<group>"; };
		8A304F04F70B04F9D2554848 /* Pods-GithubMain.release.xcconfig */ = {isa = PBXFileReference; includeInIndex = 1; lastKnownFileType = text.xcconfig; name = "Pods-GithubMain.release.xcconfig"; path = "Target Support Files/Pods-GithubMain/Pods-GithubMain.release.xcconfig"; sourceTree = "<group>"; };
		BA7FA651118A92F06FA083C8 /* Pods_GithubMain.framework */ = {isa = PBXFileReference; explicitFileType = wrapper.framework; includeInIndex = 0; path = Pods_GithubMain.framework; sourceTree = BUILT_PRODUCTS_DIR; };
/* End PBXFileReference section */

/* Begin PBXFrameworksBuildPhase section */
		4A5BBB1722A95A6200EA5D93 /* Frameworks */ = {
			isa = PBXFrameworksBuildPhase;
			buildActionMask = 2147483647;
			files = (
				277A16905DC13A4529551753 /* Pods_GithubMain.framework in Frameworks */,
			);
			runOnlyForDeploymentPostprocessing = 0;
		};
/* End PBXFrameworksBuildPhase section */

/* Begin PBXGroup section */
		08A58E1505FDDB2721EF1A49 /* Frameworks */ = {
			isa = PBXGroup;
			children = (
				BA7FA651118A92F06FA083C8 /* Pods_GithubMain.framework */,
			);
			name = Frameworks;
			sourceTree = "<group>";
		};
		0CB864C63A488AD41C8A43AE /* Pods */ = {
			isa = PBXGroup;
			children = (
				2C54FA4AFBFD9E9DBE9AEF7C /* Pods-GithubMain.debug.xcconfig */,
				8A304F04F70B04F9D2554848 /* Pods-GithubMain.release.xcconfig */,
			);
			name = Pods;
			path = ../Pods;
			sourceTree = "<group>";
		};
		4A5BBB1122A95A6200EA5D93 = {
			isa = PBXGroup;
			children = (
				4A5BBB1C22A95A6200EA5D93 /* GithubMain */,
				4A5BBB1B22A95A6200EA5D93 /* Products */,
				0CB864C63A488AD41C8A43AE /* Pods */,
				08A58E1505FDDB2721EF1A49 /* Frameworks */,
			);
			sourceTree = "<group>";
		};
		4A5BBB1B22A95A6200EA5D93 /* Products */ = {
			isa = PBXGroup;
			children = (
				4A5BBB1A22A95A6200EA5D93 /* GithubMain.app */,
			);
			name = Products;
			sourceTree = "<group>";
		};
		4A5BBB1C22A95A6200EA5D93 /* GithubMain */ = {
			isa = PBXGroup;
			children = (
				4A5BBB2422A95A6300EA5D93 /* Assets.xcassets */,
				E352CDFC22AA8D77001F4503 /* Classes */,
				4A9E142A22A9699E0067C4FB /* Settings */,
				4A5BBB2922A95A6300EA5D93 /* Info.plist */,
			);
			path = GithubMain;
			sourceTree = "<group>";
		};
		4A9E142A22A9699E0067C4FB /* Settings */ = {
			isa = PBXGroup;
			children = (
				4A9E142B22A969B40067C4FB /* Settings.bundle */,
			);
			path = Settings;
			sourceTree = "<group>";
		};
		E352CDFC22AA8D77001F4503 /* Classes */ = {
			isa = PBXGroup;
			children = (
				E352CDFD22AA8D87001F4503 /* AppDelegate */,
				4A5BBB2122A95A6200EA5D93 /* Main.storyboard */,
				4A5BBB1F22A95A6200EA5D93 /* ViewController.swift */,
			);
			path = Classes;
			sourceTree = "<group>";
		};
		E352CDFD22AA8D87001F4503 /* AppDelegate */ = {
			isa = PBXGroup;
			children = (
				4A5BBB1D22A95A6200EA5D93 /* AppDelegate.swift */,
				4A5BBB2622A95A6300EA5D93 /* LaunchScreen.storyboard */,
			);
			path = AppDelegate;
			sourceTree = "<group>";
		};
/* End PBXGroup section */

/* Begin PBXNativeTarget section */
		4A5BBB1922A95A6200EA5D93 /* GithubMain */ = {
			isa = PBXNativeTarget;
			buildConfigurationList = 4A5BBB2C22A95A6300EA5D93 /* Build configuration list for PBXNativeTarget "GithubMain" */;
			buildPhases = (
				8F77E5D0C218BA552ADBEA58 /* [CP] Check Pods Manifest.lock */,
				4A5BBB1622A95A6200EA5D93 /* Sources */,
				4A5BBB1722A95A6200EA5D93 /* Frameworks */,
				4A5BBB1822A95A6200EA5D93 /* Resources */,
			);
			buildRules = (
			);
			dependencies = (
			);
			name = GithubMain;
			productName = GithubMain;
			productReference = 4A5BBB1A22A95A6200EA5D93 /* GithubMain.app */;
			productType = "com.apple.product-type.application";
		};
/* End PBXNativeTarget section */

/* Begin PBXProject section */
		4A5BBB1222A95A6200EA5D93 /* Project object */ = {
			isa = PBXProject;
			attributes = {
				LastSwiftUpdateCheck = 1020;
				LastUpgradeCheck = 1020;
				ORGANIZATIONNAME = maguhiro;
				TargetAttributes = {
					4A5BBB1922A95A6200EA5D93 = {
						CreatedOnToolsVersion = 10.2.1;
					};
				};
			};
			buildConfigurationList = 4A5BBB1522A95A6200EA5D93 /* Build configuration list for PBXProject "GithubMain" */;
			compatibilityVersion = "Xcode 9.3";
			developmentRegion = en;
			hasScannedForEncodings = 0;
			knownRegions = (
				en,
				Base,
			);
			mainGroup = 4A5BBB1122A95A6200EA5D93;
			productRefGroup = 4A5BBB1B22A95A6200EA5D93 /* Products */;
			projectDirPath = "";
			projectRoot = "";
			targets = (
				4A5BBB1922A95A6200EA5D93 /* GithubMain */,
			);
		};
/* End PBXProject section */

/* Begin PBXResourcesBuildPhase section */
		4A5BBB1822A95A6200EA5D93 /* Resources */ = {
			isa = PBXResourcesBuildPhase;
			buildActionMask = 2147483647;
			files = (
				4A9E142C22A969B40067C4FB /* Settings.bundle in Resources */,
				4A5BBB2822A95A6300EA5D93 /* LaunchScreen.storyboard in Resources */,
				4A5BBB2522A95A6300EA5D93 /* Assets.xcassets in Resources */,
				4A5BBB2322A95A6200EA5D93 /* Main.storyboard in Resources */,
			);
			runOnlyForDeploymentPostprocessing = 0;
		};
/* End PBXResourcesBuildPhase section */

/* Begin PBXShellScriptBuildPhase section */
		8F77E5D0C218BA552ADBEA58 /* [CP] Check Pods Manifest.lock */ = {
			isa = PBXShellScriptBuildPhase;
			buildActionMask = 2147483647;
			files = (
			);
			inputFileListPaths = (
			);
			inputPaths = (
				"${PODS_PODFILE_DIR_PATH}/Podfile.lock",
				"${PODS_ROOT}/Manifest.lock",
			);
			name = "[CP] Check Pods Manifest.lock";
			outputFileListPaths = (
			);
			outputPaths = (
				"$(DERIVED_FILE_DIR)/Pods-GithubMain-checkManifestLockResult.txt",
			);
			runOnlyForDeploymentPostprocessing = 0;
			shellPath = /bin/sh;
			shellScript = "diff \"${PODS_PODFILE_DIR_PATH}/Podfile.lock\" \"${PODS_ROOT}/Manifest.lock\" > /dev/null\nif [ $? != 0 ] ; then\n    # print error to STDERR\n    echo \"error: The sandbox is not in sync with the Podfile.lock. Run 'pod install' or update your CocoaPods installation.\" >&2\n    exit 1\nfi\n# This output is used by Xcode 'outputs' to avoid re-running this script phase.\necho \"SUCCESS\" > \"${SCRIPT_OUTPUT_FILE_0}\"\n";
			showEnvVarsInLog = 0;
		};
/* End PBXShellScriptBuildPhase section */

/* Begin PBXSourcesBuildPhase section */
		4A5BBB1622A95A6200EA5D93 /* Sources */ = {
			isa = PBXSourcesBuildPhase;
			buildActionMask = 2147483647;
			files = (
				4A5BBB2022A95A6200EA5D93 /* ViewController.swift in Sources */,
				4A5BBB1E22A95A6200EA5D93 /* AppDelegate.swift in Sources */,
			);
			runOnlyForDeploymentPostprocessing = 0;
		};
/* End PBXSourcesBuildPhase section */

/* Begin PBXVariantGroup section */
		4A5BBB2122A95A6200EA5D93 /* Main.storyboard */ = {
			isa = PBXVariantGroup;
			children = (
				4A5BBB2222A95A6200EA5D93 /* Base */,
			);
			name = Main.storyboard;
			sourceTree = "<group>";
		};
		4A5BBB2622A95A6300EA5D93 /* LaunchScreen.storyboard */ = {
			isa = PBXVariantGroup;
			children = (
				4A5BBB2722A95A6300EA5D93 /* Base */,
			);
			name = LaunchScreen.storyboard;
			sourceTree = "<group>";
		};
/* End PBXVariantGroup section */

/* Begin XCBuildConfiguration section */
		4A5BBB2A22A95A6300EA5D93 /* Debug */ = {
			isa = XCBuildConfiguration;
			buildSettings = {
				ALWAYS_SEARCH_USER_PATHS = NO;
				CLANG_ANALYZER_NONNULL = YES;
				CLANG_ANALYZER_NUMBER_OBJECT_CONVERSION = YES_AGGRESSIVE;
				CLANG_CXX_LANGUAGE_STANDARD = "gnu++14";
				CLANG_CXX_LIBRARY = "libc++";
				CLANG_ENABLE_MODULES = YES;
				CLANG_ENABLE_OBJC_ARC = YES;
				CLANG_ENABLE_OBJC_WEAK = YES;
				CLANG_WARN_BLOCK_CAPTURE_AUTORELEASING = YES;
				CLANG_WARN_BOOL_CONVERSION = YES;
				CLANG_WARN_COMMA = YES;
				CLANG_WARN_CONSTANT_CONVERSION = YES;
				CLANG_WARN_DEPRECATED_OBJC_IMPLEMENTATIONS = YES;
				CLANG_WARN_DIRECT_OBJC_ISA_USAGE = YES_ERROR;
				CLANG_WARN_DOCUMENTATION_COMMENTS = YES;
				CLANG_WARN_EMPTY_BODY = YES;
				CLANG_WARN_ENUM_CONVERSION = YES;
				CLANG_WARN_INFINITE_RECURSION = YES;
				CLANG_WARN_INT_CONVERSION = YES;
				CLANG_WARN_NON_LITERAL_NULL_CONVERSION = YES;
				CLANG_WARN_OBJC_IMPLICIT_RETAIN_SELF = YES;
				CLANG_WARN_OBJC_LITERAL_CONVERSION = YES;
				CLANG_WARN_OBJC_ROOT_CLASS = YES_ERROR;
				CLANG_WARN_RANGE_LOOP_ANALYSIS = YES;
				CLANG_WARN_STRICT_PROTOTYPES = YES;
				CLANG_WARN_SUSPICIOUS_MOVE = YES;
				CLANG_WARN_UNGUARDED_AVAILABILITY = YES_AGGRESSIVE;
				CLANG_WARN_UNREACHABLE_CODE = YES;
				CLANG_WARN__DUPLICATE_METHOD_MATCH = YES;
				CODE_SIGN_IDENTITY = "iPhone Developer";
				COPY_PHASE_STRIP = NO;
				DEBUG_INFORMATION_FORMAT = dwarf;
				ENABLE_STRICT_OBJC_MSGSEND = YES;
				ENABLE_TESTABILITY = YES;
				GCC_C_LANGUAGE_STANDARD = gnu11;
				GCC_DYNAMIC_NO_PIC = NO;
				GCC_NO_COMMON_BLOCKS = YES;
				GCC_OPTIMIZATION_LEVEL = 0;
				GCC_PREPROCESSOR_DEFINITIONS = (
					"DEBUG=1",
					"$(inherited)",
				);
				GCC_WARN_64_TO_32_BIT_CONVERSION = YES;
				GCC_WARN_ABOUT_RETURN_TYPE = YES_ERROR;
				GCC_WARN_UNDECLARED_SELECTOR = YES;
				GCC_WARN_UNINITIALIZED_AUTOS = YES_AGGRESSIVE;
				GCC_WARN_UNUSED_FUNCTION = YES;
				GCC_WARN_UNUSED_VARIABLE = YES;
				IPHONEOS_DEPLOYMENT_TARGET = 12.2;
				MTL_ENABLE_DEBUG_INFO = INCLUDE_SOURCE;
				MTL_FAST_MATH = YES;
				ONLY_ACTIVE_ARCH = YES;
				SDKROOT = iphoneos;
				SWIFT_ACTIVE_COMPILATION_CONDITIONS = DEBUG;
				SWIFT_OPTIMIZATION_LEVEL = "-Onone";
			};
			name = Debug;
		};
		4A5BBB2B22A95A6300EA5D93 /* Release */ = {
			isa = XCBuildConfiguration;
			buildSettings = {
				ALWAYS_SEARCH_USER_PATHS = NO;
				CLANG_ANALYZER_NONNULL = YES;
				CLANG_ANALYZER_NUMBER_OBJECT_CONVERSION = YES_AGGRESSIVE;
				CLANG_CXX_LANGUAGE_STANDARD = "gnu++14";
				CLANG_CXX_LIBRARY = "libc++";
				CLANG_ENABLE_MODULES = YES;
				CLANG_ENABLE_OBJC_ARC = YES;
				CLANG_ENABLE_OBJC_WEAK = YES;
				CLANG_WARN_BLOCK_CAPTURE_AUTORELEASING = YES;
				CLANG_WARN_BOOL_CONVERSION = YES;
				CLANG_WARN_COMMA = YES;
				CLANG_WARN_CONSTANT_CONVERSION = YES;
				CLANG_WARN_DEPRECATED_OBJC_IMPLEMENTATIONS = YES;
				CLANG_WARN_DIRECT_OBJC_ISA_USAGE = YES_ERROR;
				CLANG_WARN_DOCUMENTATION_COMMENTS = YES;
				CLANG_WARN_EMPTY_BODY = YES;
				CLANG_WARN_ENUM_CONVERSION = YES;
				CLANG_WARN_INFINITE_RECURSION = YES;
				CLANG_WARN_INT_CONVERSION = YES;
				CLANG_WARN_NON_LITERAL_NULL_CONVERSION = YES;
				CLANG_WARN_OBJC_IMPLICIT_RETAIN_SELF = YES;
				CLANG_WARN_OBJC_LITERAL_CONVERSION = YES;
				CLANG_WARN_OBJC_ROOT_CLASS = YES_ERROR;
				CLANG_WARN_RANGE_LOOP_ANALYSIS = YES;
				CLANG_WARN_STRICT_PROTOTYPES = YES;
				CLANG_WARN_SUSPICIOUS_MOVE = YES;
				CLANG_WARN_UNGUARDED_AVAILABILITY = YES_AGGRESSIVE;
				CLANG_WARN_UNREACHABLE_CODE = YES;
				CLANG_WARN__DUPLICATE_METHOD_MATCH = YES;
				CODE_SIGN_IDENTITY = "iPhone Developer";
				COPY_PHASE_STRIP = NO;
				DEBUG_INFORMATION_FORMAT = "dwarf-with-dsym";
				ENABLE_NS_ASSERTIONS = NO;
				ENABLE_STRICT_OBJC_MSGSEND = YES;
				GCC_C_LANGUAGE_STANDARD = gnu11;
				GCC_NO_COMMON_BLOCKS = YES;
				GCC_WARN_64_TO_32_BIT_CONVERSION = YES;
				GCC_WARN_ABOUT_RETURN_TYPE = YES_ERROR;
				GCC_WARN_UNDECLARED_SELECTOR = YES;
				GCC_WARN_UNINITIALIZED_AUTOS = YES_AGGRESSIVE;
				GCC_WARN_UNUSED_FUNCTION = YES;
				GCC_WARN_UNUSED_VARIABLE = YES;
				IPHONEOS_DEPLOYMENT_TARGET = 12.2;
				MTL_ENABLE_DEBUG_INFO = NO;
				MTL_FAST_MATH = YES;
				SDKROOT = iphoneos;
				SWIFT_COMPILATION_MODE = wholemodule;
				SWIFT_OPTIMIZATION_LEVEL = "-O";
				VALIDATE_PRODUCT = YES;
			};
			name = Release;
		};
		4A5BBB2D22A95A6300EA5D93 /* Debug */ = {
			isa = XCBuildConfiguration;
			baseConfigurationReference = 2C54FA4AFBFD9E9DBE9AEF7C /* Pods-GithubMain.debug.xcconfig */;
			buildSettings = {
				ASSETCATALOG_COMPILER_APPICON_NAME = AppIcon;
				CODE_SIGN_STYLE = Automatic;
				DEVELOPMENT_TEAM = FR4436C6A3;
				INFOPLIST_FILE = GithubMain/Info.plist;
				LD_RUNPATH_SEARCH_PATHS = (
					"$(inherited)",
					"@executable_path/Frameworks",
				);
				PRODUCT_BUNDLE_IDENTIFIER = com.maguhiro.GithubMain;
				PRODUCT_NAME = "$(TARGET_NAME)";
				SWIFT_VERSION = 5.0;
				TARGETED_DEVICE_FAMILY = "1,2";
			};
			name = Debug;
		};
		4A5BBB2E22A95A6300EA5D93 /* Release */ = {
			isa = XCBuildConfiguration;
			baseConfigurationReference = 8A304F04F70B04F9D2554848 /* Pods-GithubMain.release.xcconfig */;
			buildSettings = {
				ASSETCATALOG_COMPILER_APPICON_NAME = AppIcon;
				CODE_SIGN_STYLE = Automatic;
				DEVELOPMENT_TEAM = FR4436C6A3;
				INFOPLIST_FILE = GithubMain/Info.plist;
				LD_RUNPATH_SEARCH_PATHS = (
					"$(inherited)",
					"@executable_path/Frameworks",
				);
				PRODUCT_BUNDLE_IDENTIFIER = com.maguhiro.GithubMain;
				PRODUCT_NAME = "$(TARGET_NAME)";
				SWIFT_VERSION = 5.0;
				TARGETED_DEVICE_FAMILY = "1,2";
			};
			name = Release;
		};
/* End XCBuildConfiguration section */

/* Begin XCConfigurationList section */
		4A5BBB1522A95A6200EA5D93 /* Build configuration list for PBXProject "GithubMain" */ = {
			isa = XCConfigurationList;
			buildConfigurations = (
				4A5BBB2A22A95A6300EA5D93 /* Debug */,
				4A5BBB2B22A95A6300EA5D93 /* Release */,
			);
			defaultConfigurationIsVisible = 0;
			defaultConfigurationName = Release;
		};
		4A5BBB2C22A95A6300EA5D93 /* Build configuration list for PBXNativeTarget "GithubMain" */ = {
			isa = XCConfigurationList;
			buildConfigurations = (
				4A5BBB2D22A95A6300EA5D93 /* Debug */,
				4A5BBB2E22A95A6300EA5D93 /* Release */,
			);
			defaultConfigurationIsVisible = 0;
			defaultConfigurationName = Release;
		};
/* End XCConfigurationList section */
	};
	rootObject = 4A5BBB1222A95A6200EA5D93 /* Project object */;
}
