// !$*UTF8*$!
{
	archiveVersion = 1;
	classes = {
	};
	objectVersion = 51;
	objects = {

/* Begin PBXBuildFile section */
		012A394187AB6A563BCA6323 /* Pods_GithubUtility.framework in Frameworks */ = {isa = PBXBuildFile; fileRef = B30A7E17149837EEFA3000D9 /* Pods_GithubUtility.framework */; };
		4A5BBB1E22A95A6200EA5D93 /* AppDelegate.swift in Sources */ = {isa = PBXBuildFile; fileRef = 4A5BBB1D22A95A6200EA5D93 /* AppDelegate.swift */; };
		4A5BBB2022A95A6200EA5D93 /* ViewController.swift in Sources */ = {isa = PBXBuildFile; fileRef = 4A5BBB1F22A95A6200EA5D93 /* ViewController.swift */; };
		4A5BBB2322A95A6200EA5D93 /* Main.storyboard in Resources */ = {isa = PBXBuildFile; fileRef = 4A5BBB2122A95A6200EA5D93 /* Main.storyboard */; };
		4A5BBB2522A95A6300EA5D93 /* Assets.xcassets in Resources */ = {isa = PBXBuildFile; fileRef = 4A5BBB2422A95A6300EA5D93 /* Assets.xcassets */; };
		4A5BBB2822A95A6300EA5D93 /* LaunchScreen.storyboard in Resources */ = {isa = PBXBuildFile; fileRef = 4A5BBB2622A95A6300EA5D93 /* LaunchScreen.storyboard */; };
		4A9E142C22A969B40067C4FB /* Settings.bundle in Resources */ = {isa = PBXBuildFile; fileRef = 4A9E142B22A969B40067C4FB /* Settings.bundle */; };
		7EC1773E0D15FC896CFEC749 /* Pods_GithubClient.framework in Frameworks */ = {isa = PBXBuildFile; fileRef = 017749398AACFD17B7989BCE /* Pods_GithubClient.framework */; };
		E352CE3022AA97E8001F4503 /* RxRelay.framework in Frameworks */ = {isa = PBXBuildFile; fileRef = E352CE2722AA97E8001F4503 /* RxRelay.framework */; };
		E352CE3122AA97E8001F4503 /* RxSwift.framework in Frameworks */ = {isa = PBXBuildFile; fileRef = E352CE2822AA97E8001F4503 /* RxSwift.framework */; };
		E352CE3222AA97E8001F4503 /* Reachability.framework in Frameworks */ = {isa = PBXBuildFile; fileRef = E352CE2922AA97E8001F4503 /* Reachability.framework */; };
		E352CE3322AA97E8001F4503 /* SwiftyBeaver.framework in Frameworks */ = {isa = PBXBuildFile; fileRef = E352CE2A22AA97E8001F4503 /* SwiftyBeaver.framework */; };
		E352CE3422AA97E8001F4503 /* KeychainAccess.framework in Frameworks */ = {isa = PBXBuildFile; fileRef = E352CE2B22AA97E8001F4503 /* KeychainAccess.framework */; };
		E352CE3522AA97E8001F4503 /* SnapKit.framework in Frameworks */ = {isa = PBXBuildFile; fileRef = E352CE2C22AA97E8001F4503 /* SnapKit.framework */; };
		E352CE3622AA97E8001F4503 /* Alamofire.framework in Frameworks */ = {isa = PBXBuildFile; fileRef = E352CE2D22AA97E8001F4503 /* Alamofire.framework */; };
		E352CE3722AA97E8001F4503 /* Nuke.framework in Frameworks */ = {isa = PBXBuildFile; fileRef = E352CE2E22AA97E8001F4503 /* Nuke.framework */; };
		E352CE3822AA97E8001F4503 /* RxCocoa.framework in Frameworks */ = {isa = PBXBuildFile; fileRef = E352CE2F22AA97E8001F4503 /* RxCocoa.framework */; };
		E352CE4322AA9AC0001F4503 /* GithubUtility.h in Headers */ = {isa = PBXBuildFile; fileRef = E352CE4122AA9AC0001F4503 /* GithubUtility.h */; settings = {ATTRIBUTES = (Public, ); }; };
		E352CE4622AA9AC0001F4503 /* GithubUtility.framework in Frameworks */ = {isa = PBXBuildFile; fileRef = E352CE3F22AA9AC0001F4503 /* GithubUtility.framework */; };
		E352CE4722AA9AC0001F4503 /* GithubUtility.framework in Embed Frameworks */ = {isa = PBXBuildFile; fileRef = E352CE3F22AA9AC0001F4503 /* GithubUtility.framework */; settings = {ATTRIBUTES = (CodeSignOnCopy, RemoveHeadersOnCopy, ); }; };
		E352CE4D22AA9B16001F4503 /* SwiftyBeaver.framework in Frameworks */ = {isa = PBXBuildFile; fileRef = E352CE4C22AA9B16001F4503 /* SwiftyBeaver.framework */; };
		E352CE5122AA9B38001F4503 /* Logger.swift in Sources */ = {isa = PBXBuildFile; fileRef = E352CE5022AA9B38001F4503 /* Logger.swift */; };
/* End PBXBuildFile section */

/* Begin PBXContainerItemProxy section */
		E352CE4422AA9AC0001F4503 /* PBXContainerItemProxy */ = {
			isa = PBXContainerItemProxy;
			containerPortal = 4A5BBB1222A95A6200EA5D93 /* Project object */;
			proxyType = 1;
			remoteGlobalIDString = E352CE3E22AA9AC0001F4503;
			remoteInfo = GithubUtility;
		};
/* End PBXContainerItemProxy section */

/* Begin PBXCopyFilesBuildPhase section */
		E352CE4B22AA9AC0001F4503 /* Embed Frameworks */ = {
			isa = PBXCopyFilesBuildPhase;
			buildActionMask = 2147483647;
			dstPath = "";
			dstSubfolderSpec = 10;
			files = (
				E352CE4722AA9AC0001F4503 /* GithubUtility.framework in Embed Frameworks */,
			);
			name = "Embed Frameworks";
			runOnlyForDeploymentPostprocessing = 0;
		};
/* End PBXCopyFilesBuildPhase section */

/* Begin PBXFileReference section */
		017749398AACFD17B7989BCE /* Pods_GithubClient.framework */ = {isa = PBXFileReference; explicitFileType = wrapper.framework; includeInIndex = 0; path = Pods_GithubClient.framework; sourceTree = BUILT_PRODUCTS_DIR; };
		2C54FA4AFBFD9E9DBE9AEF7C /* Pods-GithubMain.debug.xcconfig */ = {isa = PBXFileReference; includeInIndex = 1; lastKnownFileType = text.xcconfig; name = "Pods-GithubMain.debug.xcconfig"; path = "Target Support Files/Pods-GithubMain/Pods-GithubMain.debug.xcconfig"; sourceTree = "<group>"; };
		4754EE898A17AD12FAB23991 /* Pods-GithubUtility.release.xcconfig */ = {isa = PBXFileReference; includeInIndex = 1; lastKnownFileType = text.xcconfig; name = "Pods-GithubUtility.release.xcconfig"; path = "../ios_github_client/Pods/Target Support Files/Pods-GithubUtility/Pods-GithubUtility.release.xcconfig"; sourceTree = "<group>"; };
		4A5BBB1A22A95A6200EA5D93 /* GithubClient.app */ = {isa = PBXFileReference; explicitFileType = wrapper.application; includeInIndex = 0; path = GithubClient.app; sourceTree = BUILT_PRODUCTS_DIR; };
		4A5BBB1D22A95A6200EA5D93 /* AppDelegate.swift */ = {isa = PBXFileReference; lastKnownFileType = sourcecode.swift; path = AppDelegate.swift; sourceTree = "<group>"; };
		4A5BBB1F22A95A6200EA5D93 /* ViewController.swift */ = {isa = PBXFileReference; lastKnownFileType = sourcecode.swift; path = ViewController.swift; sourceTree = "<group>"; };
		4A5BBB2222A95A6200EA5D93 /* Base */ = {isa = PBXFileReference; lastKnownFileType = file.storyboard; name = Base; path = Base.lproj/Main.storyboard; sourceTree = "<group>"; };
		4A5BBB2422A95A6300EA5D93 /* Assets.xcassets */ = {isa = PBXFileReference; lastKnownFileType = folder.assetcatalog; path = Assets.xcassets; sourceTree = "<group>"; };
		4A5BBB2722A95A6300EA5D93 /* Base */ = {isa = PBXFileReference; lastKnownFileType = file.storyboard; name = Base; path = Base.lproj/LaunchScreen.storyboard; sourceTree = "<group>"; };
		4A5BBB2922A95A6300EA5D93 /* Info.plist */ = {isa = PBXFileReference; lastKnownFileType = text.plist.xml; path = Info.plist; sourceTree = "<group>"; };
		4A9E142B22A969B40067C4FB /* Settings.bundle */ = {isa = PBXFileReference; lastKnownFileType = "wrapper.plug-in"; path = Settings.bundle; sourceTree = "<group>"; };
		5B44B32E502A251A0484AEAC /* Pods-GithubUtility.debug.xcconfig */ = {isa = PBXFileReference; includeInIndex = 1; lastKnownFileType = text.xcconfig; name = "Pods-GithubUtility.debug.xcconfig"; path = "../ios_github_client/Pods/Target Support Files/Pods-GithubUtility/Pods-GithubUtility.debug.xcconfig"; sourceTree = "<group>"; };
		5BB607080B11BC6F0865FE83 /* Pods-GithubClient.release.xcconfig */ = {isa = PBXFileReference; includeInIndex = 1; lastKnownFileType = text.xcconfig; name = "Pods-GithubClient.release.xcconfig"; path = "../ios_github_client/Pods/Target Support Files/Pods-GithubClient/Pods-GithubClient.release.xcconfig"; sourceTree = "<group>"; };
		8A304F04F70B04F9D2554848 /* Pods-GithubMain.release.xcconfig */ = {isa = PBXFileReference; includeInIndex = 1; lastKnownFileType = text.xcconfig; name = "Pods-GithubMain.release.xcconfig"; path = "Target Support Files/Pods-GithubMain/Pods-GithubMain.release.xcconfig"; sourceTree = "<group>"; };
		B30A7E17149837EEFA3000D9 /* Pods_GithubUtility.framework */ = {isa = PBXFileReference; explicitFileType = wrapper.framework; includeInIndex = 0; path = Pods_GithubUtility.framework; sourceTree = BUILT_PRODUCTS_DIR; };
		C456BACF88813370316EFEAF /* Pods-GithubClient.debug.xcconfig */ = {isa = PBXFileReference; includeInIndex = 1; lastKnownFileType = text.xcconfig; name = "Pods-GithubClient.debug.xcconfig"; path = "../ios_github_client/Pods/Target Support Files/Pods-GithubClient/Pods-GithubClient.debug.xcconfig"; sourceTree = "<group>"; };
		E352CE2022AA9602001F4503 /* CarthageInput.xcfilelist */ = {isa = PBXFileReference; lastKnownFileType = text.xcfilelist; path = CarthageInput.xcfilelist; sourceTree = "<group>"; };
		E352CE2122AA960D001F4503 /* CarthageOutput.xcfilelist */ = {isa = PBXFileReference; lastKnownFileType = text.xcfilelist; path = CarthageOutput.xcfilelist; sourceTree = "<group>"; };
		E352CE2722AA97E8001F4503 /* RxRelay.framework */ = {isa = PBXFileReference; lastKnownFileType = wrapper.framework; name = RxRelay.framework; path = ../Carthage/Build/iOS/RxRelay.framework; sourceTree = "<group>"; };
		E352CE2822AA97E8001F4503 /* RxSwift.framework */ = {isa = PBXFileReference; lastKnownFileType = wrapper.framework; name = RxSwift.framework; path = ../Carthage/Build/iOS/RxSwift.framework; sourceTree = "<group>"; };
		E352CE2922AA97E8001F4503 /* Reachability.framework */ = {isa = PBXFileReference; lastKnownFileType = wrapper.framework; name = Reachability.framework; path = ../Carthage/Build/iOS/Reachability.framework; sourceTree = "<group>"; };
		E352CE2A22AA97E8001F4503 /* SwiftyBeaver.framework */ = {isa = PBXFileReference; lastKnownFileType = wrapper.framework; name = SwiftyBeaver.framework; path = ../Carthage/Build/iOS/SwiftyBeaver.framework; sourceTree = "<group>"; };
		E352CE2B22AA97E8001F4503 /* KeychainAccess.framework */ = {isa = PBXFileReference; lastKnownFileType = wrapper.framework; name = KeychainAccess.framework; path = ../Carthage/Build/iOS/KeychainAccess.framework; sourceTree = "<group>"; };
		E352CE2C22AA97E8001F4503 /* SnapKit.framework */ = {isa = PBXFileReference; lastKnownFileType = wrapper.framework; name = SnapKit.framework; path = ../Carthage/Build/iOS/SnapKit.framework; sourceTree = "<group>"; };
		E352CE2D22AA97E8001F4503 /* Alamofire.framework */ = {isa = PBXFileReference; lastKnownFileType = wrapper.framework; name = Alamofire.framework; path = ../Carthage/Build/iOS/Alamofire.framework; sourceTree = "<group>"; };
		E352CE2E22AA97E8001F4503 /* Nuke.framework */ = {isa = PBXFileReference; lastKnownFileType = wrapper.framework; name = Nuke.framework; path = ../Carthage/Build/iOS/Nuke.framework; sourceTree = "<group>"; };
		E352CE2F22AA97E8001F4503 /* RxCocoa.framework */ = {isa = PBXFileReference; lastKnownFileType = wrapper.framework; name = RxCocoa.framework; path = ../Carthage/Build/iOS/RxCocoa.framework; sourceTree = "<group>"; };
		E352CE3F22AA9AC0001F4503 /* GithubUtility.framework */ = {isa = PBXFileReference; explicitFileType = wrapper.framework; includeInIndex = 0; path = GithubUtility.framework; sourceTree = BUILT_PRODUCTS_DIR; };
		E352CE4122AA9AC0001F4503 /* GithubUtility.h */ = {isa = PBXFileReference; lastKnownFileType = sourcecode.c.h; path = GithubUtility.h; sourceTree = "<group>"; };
		E352CE4222AA9AC0001F4503 /* Info.plist */ = {isa = PBXFileReference; lastKnownFileType = text.plist.xml; path = Info.plist; sourceTree = "<group>"; };
		E352CE4C22AA9B16001F4503 /* SwiftyBeaver.framework */ = {isa = PBXFileReference; lastKnownFileType = wrapper.framework; name = SwiftyBeaver.framework; path = Carthage/Build/iOS/SwiftyBeaver.framework; sourceTree = "<group>"; };
		E352CE5022AA9B38001F4503 /* Logger.swift */ = {isa = PBXFileReference; lastKnownFileType = sourcecode.swift; path = Logger.swift; sourceTree = "<group>"; };
/* End PBXFileReference section */

/* Begin PBXFrameworksBuildPhase section */
		4A5BBB1722A95A6200EA5D93 /* Frameworks */ = {
			isa = PBXFrameworksBuildPhase;
			buildActionMask = 2147483647;
			files = (
				E352CE3022AA97E8001F4503 /* RxRelay.framework in Frameworks */,
				E352CE3122AA97E8001F4503 /* RxSwift.framework in Frameworks */,
				E352CE3222AA97E8001F4503 /* Reachability.framework in Frameworks */,
				E352CE3322AA97E8001F4503 /* SwiftyBeaver.framework in Frameworks */,
				E352CE4622AA9AC0001F4503 /* GithubUtility.framework in Frameworks */,
				E352CE3422AA97E8001F4503 /* KeychainAccess.framework in Frameworks */,
				E352CE3522AA97E8001F4503 /* SnapKit.framework in Frameworks */,
				E352CE3622AA97E8001F4503 /* Alamofire.framework in Frameworks */,
				E352CE3722AA97E8001F4503 /* Nuke.framework in Frameworks */,
				E352CE3822AA97E8001F4503 /* RxCocoa.framework in Frameworks */,
				7EC1773E0D15FC896CFEC749 /* Pods_GithubClient.framework in Frameworks */,
			);
			runOnlyForDeploymentPostprocessing = 0;
		};
		E352CE3C22AA9AC0001F4503 /* Frameworks */ = {
			isa = PBXFrameworksBuildPhase;
			buildActionMask = 2147483647;
			files = (
				E352CE4D22AA9B16001F4503 /* SwiftyBeaver.framework in Frameworks */,
				012A394187AB6A563BCA6323 /* Pods_GithubUtility.framework in Frameworks */,
			);
			runOnlyForDeploymentPostprocessing = 0;
		};
/* End PBXFrameworksBuildPhase section */

/* Begin PBXGroup section */
		08A58E1505FDDB2721EF1A49 /* Frameworks */ = {
			isa = PBXGroup;
			children = (
				E352CE4C22AA9B16001F4503 /* SwiftyBeaver.framework */,
				E352CE2D22AA97E8001F4503 /* Alamofire.framework */,
				E352CE2B22AA97E8001F4503 /* KeychainAccess.framework */,
				E352CE2E22AA97E8001F4503 /* Nuke.framework */,
				E352CE2922AA97E8001F4503 /* Reachability.framework */,
				E352CE2F22AA97E8001F4503 /* RxCocoa.framework */,
				E352CE2722AA97E8001F4503 /* RxRelay.framework */,
				E352CE2822AA97E8001F4503 /* RxSwift.framework */,
				E352CE2C22AA97E8001F4503 /* SnapKit.framework */,
				E352CE2A22AA97E8001F4503 /* SwiftyBeaver.framework */,
				017749398AACFD17B7989BCE /* Pods_GithubClient.framework */,
				B30A7E17149837EEFA3000D9 /* Pods_GithubUtility.framework */,
			);
			name = Frameworks;
			sourceTree = "<group>";
		};
		0CB864C63A488AD41C8A43AE /* Pods */ = {
			isa = PBXGroup;
			children = (
				2C54FA4AFBFD9E9DBE9AEF7C /* Pods-GithubMain.debug.xcconfig */,
				8A304F04F70B04F9D2554848 /* Pods-GithubMain.release.xcconfig */,
				C456BACF88813370316EFEAF /* Pods-GithubClient.debug.xcconfig */,
				5BB607080B11BC6F0865FE83 /* Pods-GithubClient.release.xcconfig */,
				5B44B32E502A251A0484AEAC /* Pods-GithubUtility.debug.xcconfig */,
				4754EE898A17AD12FAB23991 /* Pods-GithubUtility.release.xcconfig */,
			);
			name = Pods;
			path = ../Pods;
			sourceTree = "<group>";
		};
		4A5BBB1122A95A6200EA5D93 = {
			isa = PBXGroup;
			children = (
				4A5BBB1C22A95A6200EA5D93 /* GithubClient */,
				E352CE4022AA9AC0001F4503 /* GithubUtility */,
				4A5BBB1B22A95A6200EA5D93 /* Products */,
				0CB864C63A488AD41C8A43AE /* Pods */,
				08A58E1505FDDB2721EF1A49 /* Frameworks */,
			);
			sourceTree = "<group>";
		};
		4A5BBB1B22A95A6200EA5D93 /* Products */ = {
			isa = PBXGroup;
			children = (
				4A5BBB1A22A95A6200EA5D93 /* GithubClient.app */,
				E352CE3F22AA9AC0001F4503 /* GithubUtility.framework */,
			);
			name = Products;
			sourceTree = "<group>";
		};
		4A5BBB1C22A95A6200EA5D93 /* GithubClient */ = {
			isa = PBXGroup;
			children = (
				4A5BBB2422A95A6300EA5D93 /* Assets.xcassets */,
				E352CDFC22AA8D77001F4503 /* Classes */,
				4A9E142A22A9699E0067C4FB /* Settings */,
				4A5BBB2922A95A6300EA5D93 /* Info.plist */,
			);
			path = GithubClient;
			sourceTree = "<group>";
		};
		4A9E142A22A9699E0067C4FB /* Settings */ = {
			isa = PBXGroup;
			children = (
				E352CE2022AA9602001F4503 /* CarthageInput.xcfilelist */,
				E352CE2122AA960D001F4503 /* CarthageOutput.xcfilelist */,
				4A9E142B22A969B40067C4FB /* Settings.bundle */,
			);
			path = Settings;
			sourceTree = "<group>";
		};
		E352CDFC22AA8D77001F4503 /* Classes */ = {
			isa = PBXGroup;
			children = (
				E352CDFD22AA8D87001F4503 /* AppDelegate */,
				4A5BBB2122A95A6200EA5D93 /* Main.storyboard */,
				4A5BBB1F22A95A6200EA5D93 /* ViewController.swift */,
			);
			path = Classes;
			sourceTree = "<group>";
		};
		E352CDFD22AA8D87001F4503 /* AppDelegate */ = {
			isa = PBXGroup;
			children = (
				4A5BBB1D22A95A6200EA5D93 /* AppDelegate.swift */,
				4A5BBB2622A95A6300EA5D93 /* LaunchScreen.storyboard */,
			);
			path = AppDelegate;
			sourceTree = "<group>";
		};
		E352CE4022AA9AC0001F4503 /* GithubUtility */ = {
			isa = PBXGroup;
			children = (
				E352CE4E22AA9B27001F4503 /* Classes */,
				E352CE4122AA9AC0001F4503 /* GithubUtility.h */,
				E352CE4222AA9AC0001F4503 /* Info.plist */,
			);
			path = GithubUtility;
			sourceTree = "<group>";
		};
		E352CE4E22AA9B27001F4503 /* Classes */ = {
			isa = PBXGroup;
			children = (
				E352CE4F22AA9B2F001F4503 /* Logger */,
			);
			path = Classes;
			sourceTree = "<group>";
		};
		E352CE4F22AA9B2F001F4503 /* Logger */ = {
			isa = PBXGroup;
			children = (
				E352CE5022AA9B38001F4503 /* Logger.swift */,
			);
			path = Logger;
			sourceTree = "<group>";
		};
/* End PBXGroup section */

/* Begin PBXHeadersBuildPhase section */
		E352CE3A22AA9AC0001F4503 /* Headers */ = {
			isa = PBXHeadersBuildPhase;
			buildActionMask = 2147483647;
			files = (
				E352CE4322AA9AC0001F4503 /* GithubUtility.h in Headers */,
			);
			runOnlyForDeploymentPostprocessing = 0;
		};
/* End PBXHeadersBuildPhase section */

/* Begin PBXNativeTarget section */
		4A5BBB1922A95A6200EA5D93 /* GithubClient */ = {
			isa = PBXNativeTarget;
			buildConfigurationList = 4A5BBB2C22A95A6300EA5D93 /* Build configuration list for PBXNativeTarget "GithubClient" */;
			buildPhases = (
				8F77E5D0C218BA552ADBEA58 /* [CP] Check Pods Manifest.lock */,
				4A5BBB1622A95A6200EA5D93 /* Sources */,
				4A5BBB1722A95A6200EA5D93 /* Frameworks */,
				4A5BBB1822A95A6200EA5D93 /* Resources */,
				E352CE1F22AA9549001F4503 /* Carthage */,
				E352CE4B22AA9AC0001F4503 /* Embed Frameworks */,
			);
			buildRules = (
			);
			dependencies = (
				E352CE4522AA9AC0001F4503 /* PBXTargetDependency */,
			);
			name = GithubClient;
			productName = GithubMain;
			productReference = 4A5BBB1A22A95A6200EA5D93 /* GithubClient.app */;
			productType = "com.apple.product-type.application";
		};
		E352CE3E22AA9AC0001F4503 /* GithubUtility */ = {
			isa = PBXNativeTarget;
			buildConfigurationList = E352CE4A22AA9AC0001F4503 /* Build configuration list for PBXNativeTarget "GithubUtility" */;
			buildPhases = (
				A3AA892717EB517901A4B279 /* [CP] Check Pods Manifest.lock */,
				E352CE3A22AA9AC0001F4503 /* Headers */,
				E352CE3B22AA9AC0001F4503 /* Sources */,
				E352CE3C22AA9AC0001F4503 /* Frameworks */,
				E352CE3D22AA9AC0001F4503 /* Resources */,
			);
			buildRules = (
			);
			dependencies = (
			);
			name = GithubUtility;
			productName = GithubUtility;
			productReference = E352CE3F22AA9AC0001F4503 /* GithubUtility.framework */;
			productType = "com.apple.product-type.framework";
		};
/* End PBXNativeTarget section */

/* Begin PBXProject section */
		4A5BBB1222A95A6200EA5D93 /* Project object */ = {
			isa = PBXProject;
			attributes = {
				LastSwiftUpdateCheck = 1020;
				LastUpgradeCheck = 1020;
				ORGANIZATIONNAME = maguhiro;
				TargetAttributes = {
					4A5BBB1922A95A6200EA5D93 = {
						CreatedOnToolsVersion = 10.2.1;
					};
					E352CE3E22AA9AC0001F4503 = {
						CreatedOnToolsVersion = 10.2.1;
						LastSwiftMigration = 1020;
					};
				};
			};
			buildConfigurationList = 4A5BBB1522A95A6200EA5D93 /* Build configuration list for PBXProject "GithubClient" */;
			compatibilityVersion = "Xcode 9.3";
			developmentRegion = en;
			hasScannedForEncodings = 0;
			knownRegions = (
				en,
				Base,
			);
			mainGroup = 4A5BBB1122A95A6200EA5D93;
			productRefGroup = 4A5BBB1B22A95A6200EA5D93 /* Products */;
			projectDirPath = "";
			projectRoot = "";
			targets = (
				4A5BBB1922A95A6200EA5D93 /* GithubClient */,
				E352CE3E22AA9AC0001F4503 /* GithubUtility */,
			);
		};
/* End PBXProject section */

/* Begin PBXResourcesBuildPhase section */
		4A5BBB1822A95A6200EA5D93 /* Resources */ = {
			isa = PBXResourcesBuildPhase;
			buildActionMask = 2147483647;
			files = (
				4A9E142C22A969B40067C4FB /* Settings.bundle in Resources */,
				4A5BBB2822A95A6300EA5D93 /* LaunchScreen.storyboard in Resources */,
				4A5BBB2522A95A6300EA5D93 /* Assets.xcassets in Resources */,
				4A5BBB2322A95A6200EA5D93 /* Main.storyboard in Resources */,
			);
			runOnlyForDeploymentPostprocessing = 0;
		};
		E352CE3D22AA9AC0001F4503 /* Resources */ = {
			isa = PBXResourcesBuildPhase;
			buildActionMask = 2147483647;
			files = (
			);
			runOnlyForDeploymentPostprocessing = 0;
		};
/* End PBXResourcesBuildPhase section */

/* Begin PBXShellScriptBuildPhase section */
		8F77E5D0C218BA552ADBEA58 /* [CP] Check Pods Manifest.lock */ = {
			isa = PBXShellScriptBuildPhase;
			buildActionMask = 2147483647;
			files = (
			);
			inputFileListPaths = (
			);
			inputPaths = (
				"${PODS_PODFILE_DIR_PATH}/Podfile.lock",
				"${PODS_ROOT}/Manifest.lock",
			);
			name = "[CP] Check Pods Manifest.lock";
			outputFileListPaths = (
			);
			outputPaths = (
				"$(DERIVED_FILE_DIR)/Pods-GithubClient-checkManifestLockResult.txt",
			);
			runOnlyForDeploymentPostprocessing = 0;
			shellPath = /bin/sh;
			shellScript = "diff \"${PODS_PODFILE_DIR_PATH}/Podfile.lock\" \"${PODS_ROOT}/Manifest.lock\" > /dev/null\nif [ $? != 0 ] ; then\n    # print error to STDERR\n    echo \"error: The sandbox is not in sync with the Podfile.lock. Run 'pod install' or update your CocoaPods installation.\" >&2\n    exit 1\nfi\n# This output is used by Xcode 'outputs' to avoid re-running this script phase.\necho \"SUCCESS\" > \"${SCRIPT_OUTPUT_FILE_0}\"\n";
			showEnvVarsInLog = 0;
		};
		A3AA892717EB517901A4B279 /* [CP] Check Pods Manifest.lock */ = {
			isa = PBXShellScriptBuildPhase;
			buildActionMask = 2147483647;
			files = (
			);
			inputFileListPaths = (
			);
			inputPaths = (
				"${PODS_PODFILE_DIR_PATH}/Podfile.lock",
				"${PODS_ROOT}/Manifest.lock",
			);
			name = "[CP] Check Pods Manifest.lock";
			outputFileListPaths = (
			);
			outputPaths = (
				"$(DERIVED_FILE_DIR)/Pods-GithubUtility-checkManifestLockResult.txt",
			);
			runOnlyForDeploymentPostprocessing = 0;
			shellPath = /bin/sh;
			shellScript = "diff \"${PODS_PODFILE_DIR_PATH}/Podfile.lock\" \"${PODS_ROOT}/Manifest.lock\" > /dev/null\nif [ $? != 0 ] ; then\n    # print error to STDERR\n    echo \"error: The sandbox is not in sync with the Podfile.lock. Run 'pod install' or update your CocoaPods installation.\" >&2\n    exit 1\nfi\n# This output is used by Xcode 'outputs' to avoid re-running this script phase.\necho \"SUCCESS\" > \"${SCRIPT_OUTPUT_FILE_0}\"\n";
			showEnvVarsInLog = 0;
		};
		E352CE1F22AA9549001F4503 /* Carthage */ = {
			isa = PBXShellScriptBuildPhase;
			buildActionMask = 2147483647;
			files = (
			);
			inputFileListPaths = (
				"$(SRCROOT)/GithubClient/Settings/CarthageInput.xcfilelist",
			);
			inputPaths = (
			);
			name = Carthage;
			outputFileListPaths = (
				"$(SRCROOT)/GithubClient/Settings/CarthageOutput.xcfilelist",
			);
			outputPaths = (
			);
			runOnlyForDeploymentPostprocessing = 0;
			shellPath = /bin/sh;
			shellScript = "mint run carthage/carthage carthage copy-frameworks\n";
		};
/* End PBXShellScriptBuildPhase section */

/* Begin PBXSourcesBuildPhase section */
		4A5BBB1622A95A6200EA5D93 /* Sources */ = {
			isa = PBXSourcesBuildPhase;
			buildActionMask = 2147483647;
			files = (
				4A5BBB2022A95A6200EA5D93 /* ViewController.swift in Sources */,
				4A5BBB1E22A95A6200EA5D93 /* AppDelegate.swift in Sources */,
			);
			runOnlyForDeploymentPostprocessing = 0;
		};
		E352CE3B22AA9AC0001F4503 /* Sources */ = {
			isa = PBXSourcesBuildPhase;
			buildActionMask = 2147483647;
			files = (
				E352CE5122AA9B38001F4503 /* Logger.swift in Sources */,
			);
			runOnlyForDeploymentPostprocessing = 0;
		};
/* End PBXSourcesBuildPhase section */

/* Begin PBXTargetDependency section */
		E352CE4522AA9AC0001F4503 /* PBXTargetDependency */ = {
			isa = PBXTargetDependency;
			target = E352CE3E22AA9AC0001F4503 /* GithubUtility */;
			targetProxy = E352CE4422AA9AC0001F4503 /* PBXContainerItemProxy */;
		};
/* End PBXTargetDependency section */

/* Begin PBXVariantGroup section */
		4A5BBB2122A95A6200EA5D93 /* Main.storyboard */ = {
			isa = PBXVariantGroup;
			children = (
				4A5BBB2222A95A6200EA5D93 /* Base */,
			);
			name = Main.storyboard;
			sourceTree = "<group>";
		};
		4A5BBB2622A95A6300EA5D93 /* LaunchScreen.storyboard */ = {
			isa = PBXVariantGroup;
			children = (
				4A5BBB2722A95A6300EA5D93 /* Base */,
			);
			name = LaunchScreen.storyboard;
			sourceTree = "<group>";
		};
/* End PBXVariantGroup section */

/* Begin XCBuildConfiguration section */
		4A5BBB2A22A95A6300EA5D93 /* Debug */ = {
			isa = XCBuildConfiguration;
			buildSettings = {
				ALWAYS_SEARCH_USER_PATHS = NO;
				CLANG_ANALYZER_NONNULL = YES;
				CLANG_ANALYZER_NUMBER_OBJECT_CONVERSION = YES_AGGRESSIVE;
				CLANG_CXX_LANGUAGE_STANDARD = "gnu++14";
				CLANG_CXX_LIBRARY = "libc++";
				CLANG_ENABLE_MODULES = YES;
				CLANG_ENABLE_OBJC_ARC = YES;
				CLANG_ENABLE_OBJC_WEAK = YES;
				CLANG_WARN_BLOCK_CAPTURE_AUTORELEASING = YES;
				CLANG_WARN_BOOL_CONVERSION = YES;
				CLANG_WARN_COMMA = YES;
				CLANG_WARN_CONSTANT_CONVERSION = YES;
				CLANG_WARN_DEPRECATED_OBJC_IMPLEMENTATIONS = YES;
				CLANG_WARN_DIRECT_OBJC_ISA_USAGE = YES_ERROR;
				CLANG_WARN_DOCUMENTATION_COMMENTS = YES;
				CLANG_WARN_EMPTY_BODY = YES;
				CLANG_WARN_ENUM_CONVERSION = YES;
				CLANG_WARN_INFINITE_RECURSION = YES;
				CLANG_WARN_INT_CONVERSION = YES;
				CLANG_WARN_NON_LITERAL_NULL_CONVERSION = YES;
				CLANG_WARN_OBJC_IMPLICIT_RETAIN_SELF = YES;
				CLANG_WARN_OBJC_LITERAL_CONVERSION = YES;
				CLANG_WARN_OBJC_ROOT_CLASS = YES_ERROR;
				CLANG_WARN_RANGE_LOOP_ANALYSIS = YES;
				CLANG_WARN_STRICT_PROTOTYPES = YES;
				CLANG_WARN_SUSPICIOUS_MOVE = YES;
				CLANG_WARN_UNGUARDED_AVAILABILITY = YES_AGGRESSIVE;
				CLANG_WARN_UNREACHABLE_CODE = YES;
				CLANG_WARN__DUPLICATE_METHOD_MATCH = YES;
				CODE_SIGN_IDENTITY = "iPhone Developer";
				COPY_PHASE_STRIP = NO;
				DEBUG_INFORMATION_FORMAT = dwarf;
				ENABLE_STRICT_OBJC_MSGSEND = YES;
				ENABLE_TESTABILITY = YES;
				GCC_C_LANGUAGE_STANDARD = gnu11;
				GCC_DYNAMIC_NO_PIC = NO;
				GCC_NO_COMMON_BLOCKS = YES;
				GCC_OPTIMIZATION_LEVEL = 0;
				GCC_PREPROCESSOR_DEFINITIONS = (
					"DEBUG=1",
					"$(inherited)",
				);
				GCC_WARN_64_TO_32_BIT_CONVERSION = YES;
				GCC_WARN_ABOUT_RETURN_TYPE = YES_ERROR;
				GCC_WARN_UNDECLARED_SELECTOR = YES;
				GCC_WARN_UNINITIALIZED_AUTOS = YES_AGGRESSIVE;
				GCC_WARN_UNUSED_FUNCTION = YES;
				GCC_WARN_UNUSED_VARIABLE = YES;
				IPHONEOS_DEPLOYMENT_TARGET = 12.2;
				MTL_ENABLE_DEBUG_INFO = INCLUDE_SOURCE;
				MTL_FAST_MATH = YES;
				ONLY_ACTIVE_ARCH = YES;
				SDKROOT = iphoneos;
				SWIFT_ACTIVE_COMPILATION_CONDITIONS = DEBUG;
				SWIFT_OPTIMIZATION_LEVEL = "-Onone";
			};
			name = Debug;
		};
		4A5BBB2B22A95A6300EA5D93 /* Release */ = {
			isa = XCBuildConfiguration;
			buildSettings = {
				ALWAYS_SEARCH_USER_PATHS = NO;
				CLANG_ANALYZER_NONNULL = YES;
				CLANG_ANALYZER_NUMBER_OBJECT_CONVERSION = YES_AGGRESSIVE;
				CLANG_CXX_LANGUAGE_STANDARD = "gnu++14";
				CLANG_CXX_LIBRARY = "libc++";
				CLANG_ENABLE_MODULES = YES;
				CLANG_ENABLE_OBJC_ARC = YES;
				CLANG_ENABLE_OBJC_WEAK = YES;
				CLANG_WARN_BLOCK_CAPTURE_AUTORELEASING = YES;
				CLANG_WARN_BOOL_CONVERSION = YES;
				CLANG_WARN_COMMA = YES;
				CLANG_WARN_CONSTANT_CONVERSION = YES;
				CLANG_WARN_DEPRECATED_OBJC_IMPLEMENTATIONS = YES;
				CLANG_WARN_DIRECT_OBJC_ISA_USAGE = YES_ERROR;
				CLANG_WARN_DOCUMENTATION_COMMENTS = YES;
				CLANG_WARN_EMPTY_BODY = YES;
				CLANG_WARN_ENUM_CONVERSION = YES;
				CLANG_WARN_INFINITE_RECURSION = YES;
				CLANG_WARN_INT_CONVERSION = YES;
				CLANG_WARN_NON_LITERAL_NULL_CONVERSION = YES;
				CLANG_WARN_OBJC_IMPLICIT_RETAIN_SELF = YES;
				CLANG_WARN_OBJC_LITERAL_CONVERSION = YES;
				CLANG_WARN_OBJC_ROOT_CLASS = YES_ERROR;
				CLANG_WARN_RANGE_LOOP_ANALYSIS = YES;
				CLANG_WARN_STRICT_PROTOTYPES = YES;
				CLANG_WARN_SUSPICIOUS_MOVE = YES;
				CLANG_WARN_UNGUARDED_AVAILABILITY = YES_AGGRESSIVE;
				CLANG_WARN_UNREACHABLE_CODE = YES;
				CLANG_WARN__DUPLICATE_METHOD_MATCH = YES;
				CODE_SIGN_IDENTITY = "iPhone Developer";
				COPY_PHASE_STRIP = NO;
				DEBUG_INFORMATION_FORMAT = "dwarf-with-dsym";
				ENABLE_NS_ASSERTIONS = NO;
				ENABLE_STRICT_OBJC_MSGSEND = YES;
				GCC_C_LANGUAGE_STANDARD = gnu11;
				GCC_NO_COMMON_BLOCKS = YES;
				GCC_WARN_64_TO_32_BIT_CONVERSION = YES;
				GCC_WARN_ABOUT_RETURN_TYPE = YES_ERROR;
				GCC_WARN_UNDECLARED_SELECTOR = YES;
				GCC_WARN_UNINITIALIZED_AUTOS = YES_AGGRESSIVE;
				GCC_WARN_UNUSED_FUNCTION = YES;
				GCC_WARN_UNUSED_VARIABLE = YES;
				IPHONEOS_DEPLOYMENT_TARGET = 12.2;
				MTL_ENABLE_DEBUG_INFO = NO;
				MTL_FAST_MATH = YES;
				SDKROOT = iphoneos;
				SWIFT_COMPILATION_MODE = wholemodule;
				SWIFT_OPTIMIZATION_LEVEL = "-O";
				VALIDATE_PRODUCT = YES;
			};
			name = Release;
		};
		4A5BBB2D22A95A6300EA5D93 /* Debug */ = {
			isa = XCBuildConfiguration;
			baseConfigurationReference = C456BACF88813370316EFEAF /* Pods-GithubClient.debug.xcconfig */;
			buildSettings = {
				ALWAYS_EMBED_SWIFT_STANDARD_LIBRARIES = YES;
				ASSETCATALOG_COMPILER_APPICON_NAME = AppIcon;
				CODE_SIGN_STYLE = Automatic;
				DEVELOPMENT_TEAM = FR4436C6A3;
				FRAMEWORK_SEARCH_PATHS = "$(PROJECT_DIR)/Carthage/Build/iOS";
				INFOPLIST_FILE = GithubClient/Info.plist;
				LD_RUNPATH_SEARCH_PATHS = (
					"$(inherited)",
					"@executable_path/Frameworks",
				);
				PRODUCT_BUNDLE_IDENTIFIER = com.maguhiro.GithubClient;
				PRODUCT_NAME = "$(TARGET_NAME)";
				SWIFT_VERSION = 5.0;
				TARGETED_DEVICE_FAMILY = "1,2";
			};
			name = Debug;
		};
		4A5BBB2E22A95A6300EA5D93 /* Release */ = {
			isa = XCBuildConfiguration;
			baseConfigurationReference = 5BB607080B11BC6F0865FE83 /* Pods-GithubClient.release.xcconfig */;
			buildSettings = {
				ALWAYS_EMBED_SWIFT_STANDARD_LIBRARIES = YES;
				ASSETCATALOG_COMPILER_APPICON_NAME = AppIcon;
				CODE_SIGN_STYLE = Automatic;
				DEVELOPMENT_TEAM = FR4436C6A3;
				FRAMEWORK_SEARCH_PATHS = "$(PROJECT_DIR)/Carthage/Build/iOS";
				INFOPLIST_FILE = GithubClient/Info.plist;
				LD_RUNPATH_SEARCH_PATHS = (
					"$(inherited)",
					"@executable_path/Frameworks",
				);
				PRODUCT_BUNDLE_IDENTIFIER = com.maguhiro.GithubClient;
				PRODUCT_NAME = "$(TARGET_NAME)";
				SWIFT_VERSION = 5.0;
				TARGETED_DEVICE_FAMILY = "1,2";
			};
			name = Release;
		};
		E352CE4822AA9AC0001F4503 /* Debug */ = {
			isa = XCBuildConfiguration;
			baseConfigurationReference = 5B44B32E502A251A0484AEAC /* Pods-GithubUtility.debug.xcconfig */;
			buildSettings = {
				CLANG_ENABLE_MODULES = YES;
				CODE_SIGN_IDENTITY = "";
				CODE_SIGN_STYLE = Automatic;
				CURRENT_PROJECT_VERSION = 1;
				DEFINES_MODULE = YES;
				DEVELOPMENT_TEAM = FR4436C6A3;
				DYLIB_COMPATIBILITY_VERSION = 1;
				DYLIB_CURRENT_VERSION = 1;
				DYLIB_INSTALL_NAME_BASE = "@rpath";
				FRAMEWORK_SEARCH_PATHS = (
					"$(inherited)",
					"$(PROJECT_DIR)/Carthage/Build/iOS",
				);
				INFOPLIST_FILE = GithubUtility/Info.plist;
				INSTALL_PATH = "$(LOCAL_LIBRARY_DIR)/Frameworks";
				LD_RUNPATH_SEARCH_PATHS = (
					"$(inherited)",
					"@executable_path/Frameworks",
					"@loader_path/Frameworks",
				);
				PRODUCT_BUNDLE_IDENTIFIER = com.tabelog.GithubUtility;
				PRODUCT_NAME = "$(TARGET_NAME:c99extidentifier)";
				SKIP_INSTALL = YES;
				SWIFT_OPTIMIZATION_LEVEL = "-Onone";
				SWIFT_VERSION = 5.0;
				TARGETED_DEVICE_FAMILY = "1,2";
				VERSIONING_SYSTEM = "apple-generic";
				VERSION_INFO_PREFIX = "";
			};
			name = Debug;
		};
		E352CE4922AA9AC0001F4503 /* Release */ = {
			isa = XCBuildConfiguration;
			baseConfigurationReference = 4754EE898A17AD12FAB23991 /* Pods-GithubUtility.release.xcconfig */;
			buildSettings = {
				CLANG_ENABLE_MODULES = YES;
				CODE_SIGN_IDENTITY = "";
				CODE_SIGN_STYLE = Automatic;
				CURRENT_PROJECT_VERSION = 1;
				DEFINES_MODULE = YES;
				DEVELOPMENT_TEAM = FR4436C6A3;
				DYLIB_COMPATIBILITY_VERSION = 1;
				DYLIB_CURRENT_VERSION = 1;
				DYLIB_INSTALL_NAME_BASE = "@rpath";
				FRAMEWORK_SEARCH_PATHS = (
					"$(inherited)",
					"$(PROJECT_DIR)/Carthage/Build/iOS",
				);
				INFOPLIST_FILE = GithubUtility/Info.plist;
				INSTALL_PATH = "$(LOCAL_LIBRARY_DIR)/Frameworks";
				LD_RUNPATH_SEARCH_PATHS = (
					"$(inherited)",
					"@executable_path/Frameworks",
					"@loader_path/Frameworks",
				);
				PRODUCT_BUNDLE_IDENTIFIER = com.tabelog.GithubUtility;
				PRODUCT_NAME = "$(TARGET_NAME:c99extidentifier)";
				SKIP_INSTALL = YES;
				SWIFT_VERSION = 5.0;
				TARGETED_DEVICE_FAMILY = "1,2";
				VERSIONING_SYSTEM = "apple-generic";
				VERSION_INFO_PREFIX = "";
			};
			name = Release;
		};
/* End XCBuildConfiguration section */

/* Begin XCConfigurationList section */
		4A5BBB1522A95A6200EA5D93 /* Build configuration list for PBXProject "GithubClient" */ = {
			isa = XCConfigurationList;
			buildConfigurations = (
				4A5BBB2A22A95A6300EA5D93 /* Debug */,
				4A5BBB2B22A95A6300EA5D93 /* Release */,
			);
			defaultConfigurationIsVisible = 0;
			defaultConfigurationName = Release;
		};
		4A5BBB2C22A95A6300EA5D93 /* Build configuration list for PBXNativeTarget "GithubClient" */ = {
			isa = XCConfigurationList;
			buildConfigurations = (
				4A5BBB2D22A95A6300EA5D93 /* Debug */,
				4A5BBB2E22A95A6300EA5D93 /* Release */,
			);
			defaultConfigurationIsVisible = 0;
			defaultConfigurationName = Release;
		};
		E352CE4A22AA9AC0001F4503 /* Build configuration list for PBXNativeTarget "GithubUtility" */ = {
			isa = XCConfigurationList;
			buildConfigurations = (
				E352CE4822AA9AC0001F4503 /* Debug */,
				E352CE4922AA9AC0001F4503 /* Release */,
			);
			defaultConfigurationIsVisible = 0;
			defaultConfigurationName = Release;
		};
/* End XCConfigurationList section */
	};
	rootObject = 4A5BBB1222A95A6200EA5D93 /* Project object */;
}
